
Microsoft Visual Studio Solution File, Format Version 12.00
Project("{FAE04EC0-301F-11D3-BF4B-00C04F79EFBC}") = "pixel-quest-backend-service", "pixel-quest-backend-service.csproj", "{1A4C5C8E-2AB7-4EEB-813A-F6309456A8B2}"
EndProject
Global
	GlobalSection(SolutionConfigurationPlatforms) = preSolution
		Debug|Any CPU = Debug|Any CPU
		Release|Any CPU = Release|Any CPU
	EndGlobalSection
	GlobalSection(ProjectConfigurationPlatforms) = postSolution
		{1A4C5C8E-2AB7-4EEB-813A-F6309456A8B2}.Debug|Any CPU.ActiveCfg = Debug|Any CPU
		{1A4C5C8E-2AB7-4EEB-813A-F6309456A8B2}.Debug|Any CPU.Build.0 = Debug|Any CPU
		{1A4C5C8E-2AB7-4EEB-813A-F6309456A8B2}.Release|Any CPU.ActiveCfg = Release|Any CPU
		{1A4C5C8E-2AB7-4EEB-813A-F6309456A8B2}.Release|Any CPU.Build.0 = Release|Any CPU
	EndGlobalSection
EndGlobal
